
Microsoft Visual Studio Solution File, Format Version 12.00
# Visual Studio Version 17
VisualStudioVersion = 17.4.33103.184
MinimumVisualStudioVersion = 10.0.40219.1
Project("{9A19103F-16F7-4668-BE54-9A1E7A4F7556}") = "Mill", "Mill.csproj", "{563F3503-3ABC-4DC1-9324-42C4F4965B72}"
EndProject
Project("{FAE04EC0-301F-11D3-BF4B-00C04F79EFBC}") = "MillTest", "..\MillTest\MillTest.csproj", "{0F2BA79F-8F73-46D2-9273-5B41EB37B9D6}"
EndProject
Global
	GlobalSection(SolutionConfigurationPlatforms) = preSolution
		Debug|Any CPU = Debug|Any CPU
		Release|Any CPU = Release|Any CPU
	EndGlobalSection
	GlobalSection(ProjectConfigurationPlatforms) = postSolution
		{563F3503-3ABC-4DC1-9324-42C4F4965B72}.Debug|Any CPU.ActiveCfg = Debug|Any CPU
		{563F3503-3ABC-4DC1-9324-42C4F4965B72}.Debug|Any CPU.Build.0 = Debug|Any CPU
		{563F3503-3ABC-4DC1-9324-42C4F4965B72}.Release|Any CPU.ActiveCfg = Release|Any CPU
		{563F3503-3ABC-4DC1-9324-42C4F4965B72}.Release|Any CPU.Build.0 = Release|Any CPU
		{0F2BA79F-8F73-46D2-9273-5B41EB37B9D6}.Debug|Any CPU.ActiveCfg = Debug|Any CPU
		{0F2BA79F-8F73-46D2-9273-5B41EB37B9D6}.Debug|Any CPU.Build.0 = Debug|Any CPU
		{0F2BA79F-8F73-46D2-9273-5B41EB37B9D6}.Release|Any CPU.ActiveCfg = Release|Any CPU
		{0F2BA79F-8F73-46D2-9273-5B41EB37B9D6}.Release|Any CPU.Build.0 = Release|Any CPU
	EndGlobalSection
	GlobalSection(SolutionProperties) = preSolution
		HideSolutionNode = FALSE
	EndGlobalSection
	GlobalSection(ExtensibilityGlobals) = postSolution
		SolutionGuid = {FF61D2B7-04B7-42A3-BCDE-C40A7C3558B3}
	EndGlobalSection
EndGlobal
